
Microsoft Visual Studio Solution File, Format Version 12.00
# Visual Studio Version 17
VisualStudioVersion = 17.1.32328.378
MinimumVisualStudioVersion = 10.0.40219.1
Project("{FAE04EC0-301F-11D3-BF4B-00C04F79EFBC}") = "Terreno - PO2", "Terreno - PO2\Terreno - PO2.csproj", "{5096C734-667D-431F-91EE-EC9863CD0D0D}"
EndProject
Global
	GlobalSection(SolutionConfigurationPlatforms) = preSolution
		Debug|Any CPU = Debug|Any CPU
		Release|Any CPU = Release|Any CPU
	EndGlobalSection
	GlobalSection(ProjectConfigurationPlatforms) = postSolution
		{5096C734-667D-431F-91EE-EC9863CD0D0D}.Debug|Any CPU.ActiveCfg = Debug|Any CPU
		{5096C734-667D-431F-91EE-EC9863CD0D0D}.Debug|Any CPU.Build.0 = Debug|Any CPU
		{5096C734-667D-431F-91EE-EC9863CD0D0D}.Release|Any CPU.ActiveCfg = Release|Any CPU
		{5096C734-667D-431F-91EE-EC9863CD0D0D}.Release|Any CPU.Build.0 = Release|Any CPU
	EndGlobalSection
	GlobalSection(SolutionProperties) = preSolution
		HideSolutionNode = FALSE
	EndGlobalSection
	GlobalSection(ExtensibilityGlobals) = postSolution
		SolutionGuid = {D0ECE6E4-7B33-4E9B-A0CE-7BBB9F5385FF}
	EndGlobalSection
EndGlobal
